{
  "lockfileVersion": 1,
  "configVersion": 1,
  "workspaces": {
    "": {
      "name": "askk-v86-vm",
      "dependencies": {
        "@xterm/addon-fit": "^0.11.0",
        "@xterm/xterm": "^6.0.0",
        "v86": "^0.5.224",
      },
    },
  },
  "packages": {
    "@xterm/addon-fit": ["@xterm/addon-fit@0.11.0", "", {}, "sha512-jYcgT6xtVYhnhgxh3QgYDnnNMYTcf8ElbxxFzX0IZo+vabQqSPAjC3c1wJrKB5E19VwQei89QCiZZP86DCPF7g=="],

    "@xterm/xterm": ["@xterm/xterm@6.0.0", "", {}, "sha512-TQwDdQGtwwDt+2cgKDLn0IRaSxYu1tSUjgKarSDkUM0ZNiSRXFpjxEsvc/Zgc5kq5omJ+V0a8/kIM2WD3sMOYg=="],

    "v86": ["v86@0.5.381", "", {}, "sha512-ABInCeQxn8LosnswJaAiia4uZOZI9f5q8d4D5exVc+EPs1Cyh7HOejHWCWKMZ/uumNE1hs5t/42GKVumBGMkvg=="],
  }
}
